
Microsoft Visual Studio Solution File, Format Version 12.00
# Visual Studio 2013
VisualStudioVersion = 12.0.30501.0
MinimumVisualStudioVersion = 10.0.40219.1
Project("{F2A71F9B-5D33-465A-A702-920D77279786}") = "MovieDataAccess", "MovieDataAccess\MovieDataAccess.fsproj", "{B29BF21D-6861-42CE-ADA3-046EF350D494}"
EndProject
Project("{FAE04EC0-301F-11D3-BF4B-00C04F79EFBC}") = "MovieAPI", "MovieAPI\MovieAPI.csproj", "{16408350-0ED8-4EFE-AAAE-D4927EF93870}"
EndProject
Project("{FAE04EC0-301F-11D3-BF4B-00C04F79EFBC}") = "MovieAPI.Tests", "MovieAPI.Tests\MovieAPI.Tests.csproj", "{F9A33B34-8187-4D9A-AA43-8FCB705F907B}"
EndProject
Global
	GlobalSection(SolutionConfigurationPlatforms) = preSolution
		Debug|Any CPU = Debug|Any CPU
		Release|Any CPU = Release|Any CPU
	EndGlobalSection
	GlobalSection(ProjectConfigurationPlatforms) = postSolution
		{B29BF21D-6861-42CE-ADA3-046EF350D494}.Debug|Any CPU.ActiveCfg = Debug|Any CPU
		{B29BF21D-6861-42CE-ADA3-046EF350D494}.Debug|Any CPU.Build.0 = Debug|Any CPU
		{B29BF21D-6861-42CE-ADA3-046EF350D494}.Release|Any CPU.ActiveCfg = Release|Any CPU
		{B29BF21D-6861-42CE-ADA3-046EF350D494}.Release|Any CPU.Build.0 = Release|Any CPU
		{16408350-0ED8-4EFE-AAAE-D4927EF93870}.Debug|Any CPU.ActiveCfg = Debug|Any CPU
		{16408350-0ED8-4EFE-AAAE-D4927EF93870}.Debug|Any CPU.Build.0 = Debug|Any CPU
		{16408350-0ED8-4EFE-AAAE-D4927EF93870}.Release|Any CPU.ActiveCfg = Release|Any CPU
		{16408350-0ED8-4EFE-AAAE-D4927EF93870}.Release|Any CPU.Build.0 = Release|Any CPU
		{F9A33B34-8187-4D9A-AA43-8FCB705F907B}.Debug|Any CPU.ActiveCfg = Debug|Any CPU
		{F9A33B34-8187-4D9A-AA43-8FCB705F907B}.Debug|Any CPU.Build.0 = Debug|Any CPU
		{F9A33B34-8187-4D9A-AA43-8FCB705F907B}.Release|Any CPU.ActiveCfg = Release|Any CPU
		{F9A33B34-8187-4D9A-AA43-8FCB705F907B}.Release|Any CPU.Build.0 = Release|Any CPU
	EndGlobalSection
	GlobalSection(SolutionProperties) = preSolution
		HideSolutionNode = FALSE
	EndGlobalSection
EndGlobal
